langcode: en
status: true
dependencies:
  config:
    - views.view.discussions_group_discussions
  module:
    - group
    - system
    - views
  theme:
    - adminimal_theme
id: views_block__discussions_group_discussions_discussions_block
theme: adminimal_theme
region: content
weight: -2
provider: null
plugin: 'views_block:discussions_group_discussions-discussions_block'
settings:
  id: 'views_block:discussions_group_discussions-discussions_block'
  label: ''
  provider: views
  label_display: visible
  views_label: ''
  items_per_page: none
visibility:
  group_type:
    id: group_type
    group_types:
      example_forum: example_forum
    negate: false
    context_mapping:
      group: '@group.group_route_context:group'
  request_path:
    id: request_path
    pages: '/group/*'
    negate: false
    context_mapping: {  }
